{
  "name": "command-join",
  "version": "2.0.0",
  "lockfileVersion": 1,
  "requires": true,
  "dependencies": {
    "@improved/node": {
      "version": "1.0.0",
      "resolved": "https://registry.npmjs.org/@improved/node/-/node-1.0.0.tgz",
      "integrity": "sha512-8r6WN+Qp2EsZ6G2F1y0vpJjGFVtoCQQ1aCrvBJ1ofy7SG96nG8FfeXWalxsCbh7zMrieOF45McAb50bYCLCuBQ=="
    },
    "@types/node": {
      "version": "12.0.2",
      "resolved": "https://registry.npmjs.org/@types/node/-/node-12.0.2.tgz",
      "integrity": "sha512-5tabW/i+9mhrfEOUcLDu2xBPsHJ+X5Orqy9FKpale3SjDA17j5AEpYq5vfy3oAeAHGcvANRCO3NV3d2D6q3NiA==",
      "dev": true
    },
    "t0": {
      "version": "1.0.0",
      "resolved": "https://registry.npmjs.org/t0/-/t0-1.0.0.tgz",
      "integrity": "sha512-0m8zP1aRJ3N2O9OOxWCGjlgyyleBRy5iBe2kkd3K8iDNrlXmbBPjDoq4y6AmSiU1cvXViXFgQLiUGTeMJZS5vA==",
      "dev": true
    },
    "typescript": {
      "version": "3.4.5",
      "resolved": "https://registry.npmjs.org/typescript/-/typescript-3.4.5.tgz",
      "integrity": "sha512-YycBxUb49UUhdNMU5aJ7z5Ej2XGmaIBL0x34vZ82fn3hGvD+bgrMrVDpatgz2f7YxUMJxMkbWxJZeAvDxVe7Vw==",
      "dev": true
    }
  }
}
